
Microsoft Visual Studio Solution File, Format Version 12.00
# Visual Studio Version 16
VisualStudioVersion = 16.0.810.17
MinimumVisualStudioVersion = 10.0.40219.1
Project("{FAE04EC0-301F-11D3-BF4B-00C04F79EFBC}") = "XamarinNativeListView.iOS", "XamarinNativeListView.iOS\XamarinNativeListView.iOS.csproj", "{6C128B56-2743-4CD2-841A-955754C82425}"
EndProject
Global
	GlobalSection(SolutionConfigurationPlatforms) = preSolution
		Debug|iPhoneSimulator = Debug|iPhoneSimulator
		Release|iPhoneSimulator = Release|iPhoneSimulator
		Debug|iPhone = Debug|iPhone
		Release|iPhone = Release|iPhone
	EndGlobalSection
	GlobalSection(ProjectConfigurationPlatforms) = postSolution
		{6C128B56-2743-4CD2-841A-955754C82425}.Debug|iPhoneSimulator.ActiveCfg = Debug|iPhoneSimulator
		{6C128B56-2743-4CD2-841A-955754C82425}.Debug|iPhoneSimulator.Build.0 = Debug|iPhoneSimulator
		{6C128B56-2743-4CD2-841A-955754C82425}.Release|iPhoneSimulator.ActiveCfg = Release|iPhoneSimulator
		{6C128B56-2743-4CD2-841A-955754C82425}.Release|iPhoneSimulator.Build.0 = Release|iPhoneSimulator
		{6C128B56-2743-4CD2-841A-955754C82425}.Debug|iPhone.ActiveCfg = Debug|iPhone
		{6C128B56-2743-4CD2-841A-955754C82425}.Debug|iPhone.Build.0 = Debug|iPhone
		{6C128B56-2743-4CD2-841A-955754C82425}.Release|iPhone.ActiveCfg = Release|iPhone
		{6C128B56-2743-4CD2-841A-955754C82425}.Release|iPhone.Build.0 = Release|iPhone
	EndGlobalSection
	GlobalSection(SolutionProperties) = preSolution
		HideSolutionNode = FALSE
	EndGlobalSection
	GlobalSection(ExtensibilityGlobals) = postSolution
		SolutionGuid = {1113476E-909B-40F0-9CDE-DD1FAA6A531B}
	EndGlobalSection
EndGlobal
